
Microsoft Visual Studio Solution File, Format Version 12.00
# Visual Studio Version 16
VisualStudioVersion = 16.0.31129.286
MinimumVisualStudioVersion = 10.0.40219.1
Project("{FAE04EC0-301F-11D3-BF4B-00C04F79EFBC}") = "ECommerceBE", "ECommerceBE\ECommerceBE.csproj", "{1623CEBF-62F0-48AD-94E7-BA553E3582E2}"
EndProject
Global
	GlobalSection(SolutionConfigurationPlatforms) = preSolution
		Debug|Any CPU = Debug|Any CPU
		Release|Any CPU = Release|Any CPU
	EndGlobalSection
	GlobalSection(ProjectConfigurationPlatforms) = postSolution
		{1623CEBF-62F0-48AD-94E7-BA553E3582E2}.Debug|Any CPU.ActiveCfg = Debug|Any CPU
		{1623CEBF-62F0-48AD-94E7-BA553E3582E2}.Debug|Any CPU.Build.0 = Debug|Any CPU
		{1623CEBF-62F0-48AD-94E7-BA553E3582E2}.Release|Any CPU.ActiveCfg = Release|Any CPU
		{1623CEBF-62F0-48AD-94E7-BA553E3582E2}.Release|Any CPU.Build.0 = Release|Any CPU
	EndGlobalSection
	GlobalSection(SolutionProperties) = preSolution
		HideSolutionNode = FALSE
	EndGlobalSection
	GlobalSection(ExtensibilityGlobals) = postSolution
		SolutionGuid = {6CABFAFF-A241-4D2B-A15A-106B231D0FC8}
	EndGlobalSection
EndGlobal
